# @generated - this file is auto-generated by `mise lock` https://mise.jdx.dev/dev-tools/mise-lock.html

[[tools.node]]
version = "24.19.0"
backend = "core:node"

[tools.node."platforms.linux-arm64"]
checksum = "sha256:d28c8a5bf0a808f0ed434a1dce8c54ae98f0371c0bd86ac58abc613f73e6643f"
url = "https://nodejs.org/dist/v24.19.0/node-v24.19.0-linux-arm64.tar.gz"

[tools.node."platforms.linux-x64"]
checksum = "sha256:f625d97cd707df4ff96254916fbc5ff014f09c09effe5a1e0ca8f6d41a8789d4"
url = "https://nodejs.org/dist/v24.19.0/node-v24.19.0-linux-x64.tar.gz"

[tools.node."platforms.macos-arm64"]
checksum = "sha256:8294b7aa9b03997481c06babf1e8b270c859358f27da57a11509afe537ac381d"
url = "https://nodejs.org/dist/v24.19.0/node-v24.19.0-darwin-arm64.tar.gz"

[tools.node."platforms.macos-x64"]
checksum = "sha256:d1b5e999db158c62fe8f7267a4476b035d8bd93b1a605bac24a3f0dd166e3316"
url = "https://nodejs.org/dist/v24.19.0/node-v24.19.0-darwin-x64.tar.gz"

[tools.node."platforms.windows-arm64"]
checksum = "sha256:8502f4a50b458d4cc38ed8f2001556c2cd239d464920f74017926ccb1e1c157f"
url = "https://nodejs.org/dist/v24.19.0/node-v24.19.0-win-arm64.zip"

[tools.node."platforms.windows-x64"]
checksum = "sha256:57f71ab3652e797d84acddc79c81cc9ff1c6ddb2a1974cdb83f00fee9bff4c73"
url = "https://nodejs.org/dist/v24.19.0/node-v24.19.0-win-x64.zip"

[[tools.pnpm]]
version = "10.12.3"
backend = "github:pnpm/pnpm"

[tools.pnpm."platforms.linux-arm64"]
checksum = "sha256:536b04389e5c2ac7abb54d22905ba43b06f7997fca11784003fc2d6eb94adbe6"
url = "https://github.com/pnpm/pnpm/releases/download/v10.12.3/pnpm-linux-arm64"
url_api = "https://api.github.com/repos/pnpm/pnpm/releases/assets/266763326"

[tools.pnpm."platforms.linux-x64"]
checksum = "sha256:7fe4928070a41efc53f115a1c05d797116a5db15e8059b46f2d7dbd370551d73"
url = "https://github.com/pnpm/pnpm/releases/download/v10.12.3/pnpm-linux-x64"
url_api = "https://api.github.com/repos/pnpm/pnpm/releases/assets/266763325"

[tools.pnpm."platforms.macos-arm64"]
checksum = "sha256:22f4659bdeb5e6dafab514c40b5913167d38a3d104e74b3593ecad12aa7adf64"
url = "https://github.com/pnpm/pnpm/releases/download/v10.12.3/pnpm-macos-arm64"
url_api = "https://api.github.com/repos/pnpm/pnpm/releases/assets/266763327"

[tools.pnpm."platforms.macos-x64"]
checksum = "sha256:468d8de7a94ec96ff19e8071072d4ddcd1666eafabaab0e33aec3c582dce283d"
url = "https://github.com/pnpm/pnpm/releases/download/v10.12.3/pnpm-macos-x64"
url_api = "https://api.github.com/repos/pnpm/pnpm/releases/assets/266763324"

[tools.pnpm."platforms.windows-arm64"]
checksum = "sha256:8a740f257be289be38c874e9ae54ac9b391d3b085868c6f05096fb556d011a62"
url = "https://github.com/pnpm/pnpm/releases/download/v10.12.3/pnpm-win-arm64.exe"
url_api = "https://api.github.com/repos/pnpm/pnpm/releases/assets/266763328"

[tools.pnpm."platforms.windows-x64"]
checksum = "sha256:6ba3fe02ce52724fd5d90e9a6b2760b69f031a022ec67c2fd7eeef68ad6f4915"
url = "https://github.com/pnpm/pnpm/releases/download/v10.12.3/pnpm-win-x64.exe"
url_api = "https://api.github.com/repos/pnpm/pnpm/releases/assets/266763330"

[[tools.rust]]
version = "1.97.1"
backend = "core:rust"

[tools.rust.options]
components = "clippy,rustfmt"
profile = "minimal"

[[tools.uv]]
version = "0.12.2"
backend = "github:astral-sh/uv"

[tools.uv."platforms.linux-arm64"]
checksum = "sha256:19b7f1f66895261fbaa07f8ea91da0f86337ad4e47efa594e87641c1718ffc52"
url = "https://github.com/astral-sh/uv/releases/download/0.12.2/uv-aarch64-unknown-linux-gnu.tar.gz"
url_api = "https://api.github.com/repos/astral-sh/uv/releases/assets/502996503"
provenance = "github-attestations"

[tools.uv."platforms.linux-x64"]
checksum = "sha256:d66e96b5f1ca3b99806eee283a8125d33a0bd669e6e6d9bc4ab7ffda63c41bf4"
url = "https://github.com/astral-sh/uv/releases/download/0.12.2/uv-x86_64-unknown-linux-gnu.tar.gz"
url_api = "https://api.github.com/repos/astral-sh/uv/releases/assets/502996586"
provenance = "github-attestations"

[tools.uv."platforms.macos-arm64"]
checksum = "sha256:fa909fea3bc06f460db79017030a221fdbc43ec4478f089cb554d8335c090817"
url = "https://github.com/astral-sh/uv/releases/download/0.12.2/uv-aarch64-apple-darwin.tar.gz"
url_api = "https://api.github.com/repos/astral-sh/uv/releases/assets/502996487"
provenance = "github-attestations"
provenance_verified = true

[tools.uv."platforms.macos-x64"]
checksum = "sha256:a6e6506a9109801222d65d17461abf4ed13bdecc5d2b13af0495418a82972c6b"
url = "https://github.com/astral-sh/uv/releases/download/0.12.2/uv-x86_64-apple-darwin.tar.gz"
url_api = "https://api.github.com/repos/astral-sh/uv/releases/assets/502996573"
provenance = "github-attestations"

[tools.uv."platforms.windows-arm64"]
checksum = "sha256:dccc2bb7724c015f2a82467dee5bf4b2353a3fcdbfdfb30e0f93cdf5db2dd1df"
url = "https://github.com/astral-sh/uv/releases/download/0.12.2/uv-aarch64-pc-windows-msvc.zip"
url_api = "https://api.github.com/repos/astral-sh/uv/releases/assets/502996498"
provenance = "github-attestations"

[tools.uv."platforms.windows-x64"]
checksum = "sha256:01442d8ce5c7124151a73e697c836d252c6da853c18c73206d3cc4c2378a91d2"
url = "https://github.com/astral-sh/uv/releases/download/0.12.2/uv-x86_64-pc-windows-msvc.zip"
url_api = "https://api.github.com/repos/astral-sh/uv/releases/assets/502996579"
provenance = "github-attestations"
provenance_verified = true
